// !$*UTF8*$!
{
	archiveVersion = 1;
	classes = {
	};
	objectVersion = 55;
	objects = {

/* Begin PBXBuildFile section */
		A127450C2771B96B00B758B8 /* Tests_iOS.swift in Sources */ = {isa = PBXBuildFile; fileRef = A127450B2771B96B00B758B8 /* Tests_iOS.swift */; };
		A127450E2771B96B00B758B8 /* Tests_iOSLaunchTests.swift in Sources */ = {isa = PBXBuildFile; fileRef = A127450D2771B96B00B758B8 /* Tests_iOSLaunchTests.swift */; };
		A12745182771B96B00B758B8 /* Tests_macOS.swift in Sources */ = {isa = PBXBuildFile; fileRef = A12745172771B96B00B758B8 /* Tests_macOS.swift */; };
		A127451A2771B96B00B758B8 /* Tests_macOSLaunchTests.swift in Sources */ = {isa = PBXBuildFile; fileRef = A12745192771B96B00B758B8 /* Tests_macOSLaunchTests.swift */; };
		A127451B2771B96B00B758B8 /* CustomSideMenuApp.swift in Sources */ = {isa = PBXBuildFile; fileRef = A12744F32771B96900B758B8 /* CustomSideMenuApp.swift */; };
		A127451C2771B96B00B758B8 /* CustomSideMenuApp.swift in Sources */ = {isa = PBXBuildFile; fileRef = A12744F32771B96900B758B8 /* CustomSideMenuApp.swift */; };
		A127451D2771B96B00B758B8 /* ContentView.swift in Sources */ = {isa = PBXBuildFile; fileRef = A12744F42771B96900B758B8 /* ContentView.swift */; };
		A127451E2771B96B00B758B8 /* ContentView.swift in Sources */ = {isa = PBXBuildFile; fileRef = A12744F42771B96900B758B8 /* ContentView.swift */; };
		A127451F2771B96B00B758B8 /* Assets.xcassets in Resources */ = {isa = PBXBuildFile; fileRef = A12744F52771B96B00B758B8 /* Assets.xcassets */; };
		A12745202771B96B00B758B8 /* Assets.xcassets in Resources */ = {isa = PBXBuildFile; fileRef = A12744F52771B96B00B758B8 /* Assets.xcassets */; };
		A12745312771B9A200B758B8 /* MainView.swift in Sources */ = {isa = PBXBuildFile; fileRef = A12745302771B9A200B758B8 /* MainView.swift */; };
		A12745332771B9D900B758B8 /* SideMenu.swift in Sources */ = {isa = PBXBuildFile; fileRef = A12745322771B9D900B758B8 /* SideMenu.swift */; };
		A12745352771C05300B758B8 /* CustomTabView.swift in Sources */ = {isa = PBXBuildFile; fileRef = A12745342771C05300B758B8 /* CustomTabView.swift */; };
		A12745372771CAB700B758B8 /* HomeView.swift in Sources */ = {isa = PBXBuildFile; fileRef = A12745362771CAB700B758B8 /* HomeView.swift */; };
/* End PBXBuildFile section */

/* Begin PBXContainerItemProxy section */
		A12745082771B96B00B758B8 /* PBXContainerItemProxy */ = {
			isa = PBXContainerItemProxy;
			containerPortal = A12744EE2771B96900B758B8 /* Project object */;
			proxyType = 1;
			remoteGlobalIDString = A12744F92771B96B00B758B8;
			remoteInfo = "CustomSideMenu (iOS)";
		};
		A12745142771B96B00B758B8 /* PBXContainerItemProxy */ = {
			isa = PBXContainerItemProxy;
			containerPortal = A12744EE2771B96900B758B8 /* Project object */;
			proxyType = 1;
			remoteGlobalIDString = A12744FF2771B96B00B758B8;
			remoteInfo = "CustomSideMenu (macOS)";
		};
/* End PBXContainerItemProxy section */

/* Begin PBXFileReference section */
		A12744F32771B96900B758B8 /* CustomSideMenuApp.swift */ = {isa = PBXFileReference; lastKnownFileType = sourcecode.swift; path = CustomSideMenuApp.swift; sourceTree = "<group>"; };
		A12744F42771B96900B758B8 /* ContentView.swift */ = {isa = PBXFileReference; lastKnownFileType = sourcecode.swift; path = ContentView.swift; sourceTree = "<group>"; };
		A12744F52771B96B00B758B8 /* Assets.xcassets */ = {isa = PBXFileReference; lastKnownFileType = folder.assetcatalog; path = Assets.xcassets; sourceTree = "<group>"; };
		A12744FA2771B96B00B758B8 /* CustomSideMenu.app */ = {isa = PBXFileReference; explicitFileType = wrapper.application; includeInIndex = 0; path = CustomSideMenu.app; sourceTree = BUILT_PRODUCTS_DIR; };
		A12745002771B96B00B758B8 /* CustomSideMenu.app */ = {isa = PBXFileReference; explicitFileType = wrapper.application; includeInIndex = 0; path = CustomSideMenu.app; sourceTree = BUILT_PRODUCTS_DIR; };
		A12745022771B96B00B758B8 /* macOS.entitlements */ = {isa = PBXFileReference; lastKnownFileType = text.plist.entitlements; path = macOS.entitlements; sourceTree = "<group>"; };
		A12745072771B96B00B758B8 /* Tests iOS.xctest */ = {isa = PBXFileReference; explicitFileType = wrapper.cfbundle; includeInIndex = 0; path = "Tests iOS.xctest"; sourceTree = BUILT_PRODUCTS_DIR; };
		A127450B2771B96B00B758B8 /* Tests_iOS.swift */ = {isa = PBXFileReference; lastKnownFileType = sourcecode.swift; path = Tests_iOS.swift; sourceTree = "<group>"; };
		A127450D2771B96B00B758B8 /* Tests_iOSLaunchTests.swift */ = {isa = PBXFileReference; lastKnownFileType = sourcecode.swift; path = Tests_iOSLaunchTests.swift; sourceTree = "<group>"; };
		A12745132771B96B00B758B8 /* Tests macOS.xctest */ = {isa = PBXFileReference; explicitFileType = wrapper.cfbundle; includeInIndex = 0; path = "Tests macOS.xctest"; sourceTree = BUILT_PRODUCTS_DIR; };
		A12745172771B96B00B758B8 /* Tests_macOS.swift */ = {isa = PBXFileReference; lastKnownFileType = sourcecode.swift; path = Tests_macOS.swift; sourceTree = "<group>"; };
		A12745192771B96B00B758B8 /* Tests_macOSLaunchTests.swift */ = {isa = PBXFileReference; lastKnownFileType = sourcecode.swift; path = Tests_macOSLaunchTests.swift; sourceTree = "<group>"; };
		A12745302771B9A200B758B8 /* MainView.swift */ = {isa = PBXFileReference; lastKnownFileType = sourcecode.swift; path = MainView.swift; sourceTree = "<group>"; };
		A12745322771B9D900B758B8 /* SideMenu.swift */ = {isa = PBXFileReference; lastKnownFileType = sourcecode.swift; path = SideMenu.swift; sourceTree = "<group>"; };
		A12745342771C05300B758B8 /* CustomTabView.swift */ = {isa = PBXFileReference; lastKnownFileType = sourcecode.swift; path = CustomTabView.swift; sourceTree = "<group>"; };
		A12745362771CAB700B758B8 /* HomeView.swift */ = {isa = PBXFileReference; lastKnownFileType = sourcecode.swift; path = HomeView.swift; sourceTree = "<group>"; };
/* End PBXFileReference section */

/* Begin PBXFrameworksBuildPhase section */
		A12744F72771B96B00B758B8 /* Frameworks */ = {
			isa = PBXFrameworksBuildPhase;
			buildActionMask = 2147483647;
			files = (
			);
			runOnlyForDeploymentPostprocessing = 0;
		};
		A12744FD2771B96B00B758B8 /* Frameworks */ = {
			isa = PBXFrameworksBuildPhase;
			buildActionMask = 2147483647;
			files = (
			);
			runOnlyForDeploymentPostprocessing = 0;
		};
		A12745042771B96B00B758B8 /* Frameworks */ = {
			isa = PBXFrameworksBuildPhase;
			buildActionMask = 2147483647;
			files = (
			);
			runOnlyForDeploymentPostprocessing = 0;
		};
		A12745102771B96B00B758B8 /* Frameworks */ = {
			isa = PBXFrameworksBuildPhase;
			buildActionMask = 2147483647;
			files = (
			);
			runOnlyForDeploymentPostprocessing = 0;
		};
/* End PBXFrameworksBuildPhase section */

/* Begin PBXGroup section */
		A12744ED2771B96900B758B8 = {
			isa = PBXGroup;
			children = (
				A12744F22771B96900B758B8 /* Shared */,
				A12745012771B96B00B758B8 /* macOS */,
				A127450A2771B96B00B758B8 /* Tests iOS */,
				A12745162771B96B00B758B8 /* Tests macOS */,
				A12744FB2771B96B00B758B8 /* Products */,
			);
			sourceTree = "<group>";
		};
		A12744F22771B96900B758B8 /* Shared */ = {
			isa = PBXGroup;
			children = (
				A12744F32771B96900B758B8 /* CustomSideMenuApp.swift */,
				A12744F42771B96900B758B8 /* ContentView.swift */,
				A127452F2771B99500B758B8 /* View */,
				A12744F52771B96B00B758B8 /* Assets.xcassets */,
			);
			path = Shared;
			sourceTree = "<group>";
		};
		A12744FB2771B96B00B758B8 /* Products */ = {
			isa = PBXGroup;
			children = (
				A12744FA2771B96B00B758B8 /* CustomSideMenu.app */,
				A12745002771B96B00B758B8 /* CustomSideMenu.app */,
				A12745072771B96B00B758B8 /* Tests iOS.xctest */,
				A12745132771B96B00B758B8 /* Tests macOS.xctest */,
			);
			name = Products;
			sourceTree = "<group>";
		};
		A12745012771B96B00B758B8 /* macOS */ = {
			isa = PBXGroup;
			children = (
				A12745022771B96B00B758B8 /* macOS.entitlements */,
			);
			path = macOS;
			sourceTree = "<group>";
		};
		A127450A2771B96B00B758B8 /* Tests iOS */ = {
			isa = PBXGroup;
			children = (
				A127450B2771B96B00B758B8 /* Tests_iOS.swift */,
				A127450D2771B96B00B758B8 /* Tests_iOSLaunchTests.swift */,
			);
			path = "Tests iOS";
			sourceTree = "<group>";
		};
		A12745162771B96B00B758B8 /* Tests macOS */ = {
			isa = PBXGroup;
			children = (
				A12745172771B96B00B758B8 /* Tests_macOS.swift */,
				A12745192771B96B00B758B8 /* Tests_macOSLaunchTests.swift */,
			);
			path = "Tests macOS";
			sourceTree = "<group>";
		};
		A127452F2771B99500B758B8 /* View */ = {
			isa = PBXGroup;
			children = (
				A12745302771B9A200B758B8 /* MainView.swift */,
				A12745342771C05300B758B8 /* CustomTabView.swift */,
				A12745322771B9D900B758B8 /* SideMenu.swift */,
				A12745362771CAB700B758B8 /* HomeView.swift */,
			);
			path = View;
			sourceTree = "<group>";
		};
/* End PBXGroup section */

/* Begin PBXNativeTarget section */
		A12744F92771B96B00B758B8 /* CustomSideMenu (iOS) */ = {
			isa = PBXNativeTarget;
			buildConfigurationList = A12745232771B96B00B758B8 /* Build configuration list for PBXNativeTarget "CustomSideMenu (iOS)" */;
			buildPhases = (
				A12744F62771B96B00B758B8 /* Sources */,
				A12744F72771B96B00B758B8 /* Frameworks */,
				A12744F82771B96B00B758B8 /* Resources */,
			);
			buildRules = (
			);
			dependencies = (
			);
			name = "CustomSideMenu (iOS)";
			productName = "CustomSideMenu (iOS)";
			productReference = A12744FA2771B96B00B758B8 /* CustomSideMenu.app */;
			productType = "com.apple.product-type.application";
		};
		A12744FF2771B96B00B758B8 /* CustomSideMenu (macOS) */ = {
			isa = PBXNativeTarget;
			buildConfigurationList = A12745262771B96B00B758B8 /* Build configuration list for PBXNativeTarget "CustomSideMenu (macOS)" */;
			buildPhases = (
				A12744FC2771B96B00B758B8 /* Sources */,
				A12744FD2771B96B00B758B8 /* Frameworks */,
				A12744FE2771B96B00B758B8 /* Resources */,
			);
			buildRules = (
			);
			dependencies = (
			);
			name = "CustomSideMenu (macOS)";
			productName = "CustomSideMenu (macOS)";
			productReference = A12745002771B96B00B758B8 /* CustomSideMenu.app */;
			productType = "com.apple.product-type.application";
		};
		A12745062771B96B00B758B8 /* Tests iOS */ = {
			isa = PBXNativeTarget;
			buildConfigurationList = A12745292771B96B00B758B8 /* Build configuration list for PBXNativeTarget "Tests iOS" */;
			buildPhases = (
				A12745032771B96B00B758B8 /* Sources */,
				A12745042771B96B00B758B8 /* Frameworks */,
				A12745052771B96B00B758B8 /* Resources */,
			);
			buildRules = (
			);
			dependencies = (
				A12745092771B96B00B758B8 /* PBXTargetDependency */,
			);
			name = "Tests iOS";
			productName = "Tests iOS";
			productReference = A12745072771B96B00B758B8 /* Tests iOS.xctest */;
			productType = "com.apple.product-type.bundle.ui-testing";
		};
		A12745122771B96B00B758B8 /* Tests macOS */ = {
			isa = PBXNativeTarget;
			buildConfigurationList = A127452C2771B96B00B758B8 /* Build configuration list for PBXNativeTarget "Tests macOS" */;
			buildPhases = (
				A127450F2771B96B00B758B8 /* Sources */,
				A12745102771B96B00B758B8 /* Frameworks */,
				A12745112771B96B00B758B8 /* Resources */,
			);
			buildRules = (
			);
			dependencies = (
				A12745152771B96B00B758B8 /* PBXTargetDependency */,
			);
			name = "Tests macOS";
			productName = "Tests macOS";
			productReference = A12745132771B96B00B758B8 /* Tests macOS.xctest */;
			productType = "com.apple.product-type.bundle.ui-testing";
		};
/* End PBXNativeTarget section */

/* Begin PBXProject section */
		A12744EE2771B96900B758B8 /* Project object */ = {
			isa = PBXProject;
			attributes = {
				BuildIndependentTargetsInParallel = 1;
				LastSwiftUpdateCheck = 1320;
				LastUpgradeCheck = 1320;
				TargetAttributes = {
					A12744F92771B96B00B758B8 = {
						CreatedOnToolsVersion = 13.2.1;
					};
					A12744FF2771B96B00B758B8 = {
						CreatedOnToolsVersion = 13.2.1;
					};
					A12745062771B96B00B758B8 = {
						CreatedOnToolsVersion = 13.2.1;
						TestTargetID = A12744F92771B96B00B758B8;
					};
					A12745122771B96B00B758B8 = {
						CreatedOnToolsVersion = 13.2.1;
						TestTargetID = A12744FF2771B96B00B758B8;
					};
				};
			};
			buildConfigurationList = A12744F12771B96900B758B8 /* Build configuration list for PBXProject "CustomSideMenu" */;
			compatibilityVersion = "Xcode 13.0";
			developmentRegion = en;
			hasScannedForEncodings = 0;
			knownRegions = (
				en,
				Base,
			);
			mainGroup = A12744ED2771B96900B758B8;
			productRefGroup = A12744FB2771B96B00B758B8 /* Products */;
			projectDirPath = "";
			projectRoot = "";
			targets = (
				A12744F92771B96B00B758B8 /* CustomSideMenu (iOS) */,
				A12744FF2771B96B00B758B8 /* CustomSideMenu (macOS) */,
				A12745062771B96B00B758B8 /* Tests iOS */,
				A12745122771B96B00B758B8 /* Tests macOS */,
			);
		};
/* End PBXProject section */

/* Begin PBXResourcesBuildPhase section */
		A12744F82771B96B00B758B8 /* Resources */ = {
			isa = PBXResourcesBuildPhase;
			buildActionMask = 2147483647;
			files = (
				A127451F2771B96B00B758B8 /* Assets.xcassets in Resources */,
			);
			runOnlyForDeploymentPostprocessing = 0;
		};
		A12744FE2771B96B00B758B8 /* Resources */ = {
			isa = PBXResourcesBuildPhase;
			buildActionMask = 2147483647;
			files = (
				A12745202771B96B00B758B8 /* Assets.xcassets in Resources */,
			);
			runOnlyForDeploymentPostprocessing = 0;
		};
		A12745052771B96B00B758B8 /* Resources */ = {
			isa = PBXResourcesBuildPhase;
			buildActionMask = 2147483647;
			files = (
			);
			runOnlyForDeploymentPostprocessing = 0;
		};
		A12745112771B96B00B758B8 /* Resources */ = {
			isa = PBXResourcesBuildPhase;
			buildActionMask = 2147483647;
			files = (
			);
			runOnlyForDeploymentPostprocessing = 0;
		};
/* End PBXResourcesBuildPhase section */

/* Begin PBXSourcesBuildPhase section */
		A12744F62771B96B00B758B8 /* Sources */ = {
			isa = PBXSourcesBuildPhase;
			buildActionMask = 2147483647;
			files = (
				A127451D2771B96B00B758B8 /* ContentView.swift in Sources */,
				A12745312771B9A200B758B8 /* MainView.swift in Sources */,
				A12745352771C05300B758B8 /* CustomTabView.swift in Sources */,
				A12745372771CAB700B758B8 /* HomeView.swift in Sources */,
				A127451B2771B96B00B758B8 /* CustomSideMenuApp.swift in Sources */,
				A12745332771B9D900B758B8 /* SideMenu.swift in Sources */,
			);
			runOnlyForDeploymentPostprocessing = 0;
		};
		A12744FC2771B96B00B758B8 /* Sources */ = {
			isa = PBXSourcesBuildPhase;
			buildActionMask = 2147483647;
			files = (
				A127451E2771B96B00B758B8 /* ContentView.swift in Sources */,
				A127451C2771B96B00B758B8 /* CustomSideMenuApp.swift in Sources */,
			);
			runOnlyForDeploymentPostprocessing = 0;
		};
		A12745032771B96B00B758B8 /* Sources */ = {
			isa = PBXSourcesBuildPhase;
			buildActionMask = 2147483647;
			files = (
				A127450E2771B96B00B758B8 /* Tests_iOSLaunchTests.swift in Sources */,
				A127450C2771B96B00B758B8 /* Tests_iOS.swift in Sources */,
			);
			runOnlyForDeploymentPostprocessing = 0;
		};
		A127450F2771B96B00B758B8 /* Sources */ = {
			isa = PBXSourcesBuildPhase;
			buildActionMask = 2147483647;
			files = (
				A127451A2771B96B00B758B8 /* Tests_macOSLaunchTests.swift in Sources */,
				A12745182771B96B00B758B8 /* Tests_macOS.swift in Sources */,
			);
			runOnlyForDeploymentPostprocessing = 0;
		};
/* End PBXSourcesBuildPhase section */

/* Begin PBXTargetDependency section */
		A12745092771B96B00B758B8 /* PBXTargetDependency */ = {
			isa = PBXTargetDependency;
			target = A12744F92771B96B00B758B8 /* CustomSideMenu (iOS) */;
			targetProxy = A12745082771B96B00B758B8 /* PBXContainerItemProxy */;
		};
		A12745152771B96B00B758B8 /* PBXTargetDependency */ = {
			isa = PBXTargetDependency;
			target = A12744FF2771B96B00B758B8 /* CustomSideMenu (macOS) */;
			targetProxy = A12745142771B96B00B758B8 /* PBXContainerItemProxy */;
		};
/* End PBXTargetDependency section */

/* Begin XCBuildConfiguration section */
		A12745212771B96B00B758B8 /* Debug */ = {
			isa = XCBuildConfiguration;
			buildSettings = {
				ALWAYS_SEARCH_USER_PATHS = NO;
				CLANG_ANALYZER_NONNULL = YES;
				CLANG_ANALYZER_NUMBER_OBJECT_CONVERSION = YES_AGGRESSIVE;
				CLANG_CXX_LANGUAGE_STANDARD = "gnu++17";
				CLANG_CXX_LIBRARY = "libc++";
				CLANG_ENABLE_MODULES = YES;
				CLANG_ENABLE_OBJC_ARC = YES;
				CLANG_ENABLE_OBJC_WEAK = YES;
				CLANG_WARN_BLOCK_CAPTURE_AUTORELEASING = YES;
				CLANG_WARN_BOOL_CONVERSION = YES;
				CLANG_WARN_COMMA = YES;
				CLANG_WARN_CONSTANT_CONVERSION = YES;
				CLANG_WARN_DEPRECATED_OBJC_IMPLEMENTATIONS = YES;
				CLANG_WARN_DIRECT_OBJC_ISA_USAGE = YES_ERROR;
				CLANG_WARN_DOCUMENTATION_COMMENTS = YES;
				CLANG_WARN_EMPTY_BODY = YES;
				CLANG_WARN_ENUM_CONVERSION = YES;
				CLANG_WARN_INFINITE_RECURSION = YES;
				CLANG_WARN_INT_CONVERSION = YES;
				CLANG_WARN_NON_LITERAL_NULL_CONVERSION = YES;
				CLANG_WARN_OBJC_IMPLICIT_RETAIN_SELF = YES;
				CLANG_WARN_OBJC_LITERAL_CONVERSION = YES;
				CLANG_WARN_OBJC_ROOT_CLASS = YES_ERROR;
				CLANG_WARN_QUOTED_INCLUDE_IN_FRAMEWORK_HEADER = YES;
				CLANG_WARN_RANGE_LOOP_ANALYSIS = YES;
				CLANG_WARN_STRICT_PROTOTYPES = YES;
				CLANG_WARN_SUSPICIOUS_MOVE = YES;
				CLANG_WARN_UNGUARDED_AVAILABILITY = YES_AGGRESSIVE;
				CLANG_WARN_UNREACHABLE_CODE = YES;
				CLANG_WARN__DUPLICATE_METHOD_MATCH = YES;
				COPY_PHASE_STRIP = NO;
				DEBUG_INFORMATION_FORMAT = dwarf;
				ENABLE_STRICT_OBJC_MSGSEND = YES;
				ENABLE_TESTABILITY = YES;
				GCC_C_LANGUAGE_STANDARD = gnu11;
				GCC_DYNAMIC_NO_PIC = NO;
				GCC_NO_COMMON_BLOCKS = YES;
				GCC_OPTIMIZATION_LEVEL = 0;
				GCC_PREPROCESSOR_DEFINITIONS = (
					"DEBUG=1",
					"$(inherited)",
				);
				GCC_WARN_64_TO_32_BIT_CONVERSION = YES;
				GCC_WARN_ABOUT_RETURN_TYPE = YES_ERROR;
				GCC_WARN_UNDECLARED_SELECTOR = YES;
				GCC_WARN_UNINITIALIZED_AUTOS = YES_AGGRESSIVE;
				GCC_WARN_UNUSED_FUNCTION = YES;
				GCC_WARN_UNUSED_VARIABLE = YES;
				MTL_ENABLE_DEBUG_INFO = INCLUDE_SOURCE;
				MTL_FAST_MATH = YES;
				ONLY_ACTIVE_ARCH = YES;
				SWIFT_ACTIVE_COMPILATION_CONDITIONS = DEBUG;
				SWIFT_OPTIMIZATION_LEVEL = "-Onone";
			};
			name = Debug;
		};
		A12745222771B96B00B758B8 /* Release */ = {
			isa = XCBuildConfiguration;
			buildSettings = {
				ALWAYS_SEARCH_USER_PATHS = NO;
				CLANG_ANALYZER_NONNULL = YES;
				CLANG_ANALYZER_NUMBER_OBJECT_CONVERSION = YES_AGGRESSIVE;
				CLANG_CXX_LANGUAGE_STANDARD = "gnu++17";
				CLANG_CXX_LIBRARY = "libc++";
				CLANG_ENABLE_MODULES = YES;
				CLANG_ENABLE_OBJC_ARC = YES;
				CLANG_ENABLE_OBJC_WEAK = YES;
				CLANG_WARN_BLOCK_CAPTURE_AUTORELEASING = YES;
				CLANG_WARN_BOOL_CONVERSION = YES;
				CLANG_WARN_COMMA = YES;
				CLANG_WARN_CONSTANT_CONVERSION = YES;
				CLANG_WARN_DEPRECATED_OBJC_IMPLEMENTATIONS = YES;
				CLANG_WARN_DIRECT_OBJC_ISA_USAGE = YES_ERROR;
				CLANG_WARN_DOCUMENTATION_COMMENTS = YES;
				CLANG_WARN_EMPTY_BODY = YES;
				CLANG_WARN_ENUM_CONVERSION = YES;
				CLANG_WARN_INFINITE_RECURSION = YES;
				CLANG_WARN_INT_CONVERSION = YES;
				CLANG_WARN_NON_LITERAL_NULL_CONVERSION = YES;
				CLANG_WARN_OBJC_IMPLICIT_RETAIN_SELF = YES;
				CLANG_WARN_OBJC_LITERAL_CONVERSION = YES;
				CLANG_WARN_OBJC_ROOT_CLASS = YES_ERROR;
				CLANG_WARN_QUOTED_INCLUDE_IN_FRAMEWORK_HEADER = YES;
				CLANG_WARN_RANGE_LOOP_ANALYSIS = YES;
				CLANG_WARN_STRICT_PROTOTYPES = YES;
				CLANG_WARN_SUSPICIOUS_MOVE = YES;
				CLANG_WARN_UNGUARDED_AVAILABILITY = YES_AGGRESSIVE;
				CLANG_WARN_UNREACHABLE_CODE = YES;
				CLANG_WARN__DUPLICATE_METHOD_MATCH = YES;
				COPY_PHASE_STRIP = NO;
				DEBUG_INFORMATION_FORMAT = "dwarf-with-dsym";
				ENABLE_NS_ASSERTIONS = NO;
				ENABLE_STRICT_OBJC_MSGSEND = YES;
				GCC_C_LANGUAGE_STANDARD = gnu11;
				GCC_NO_COMMON_BLOCKS = YES;
				GCC_WARN_64_TO_32_BIT_CONVERSION = YES;
				GCC_WARN_ABOUT_RETURN_TYPE = YES_ERROR;
				GCC_WARN_UNDECLARED_SELECTOR = YES;
				GCC_WARN_UNINITIALIZED_AUTOS = YES_AGGRESSIVE;
				GCC_WARN_UNUSED_FUNCTION = YES;
				GCC_WARN_UNUSED_VARIABLE = YES;
				MTL_ENABLE_DEBUG_INFO = NO;
				MTL_FAST_MATH = YES;
				SWIFT_COMPILATION_MODE = wholemodule;
				SWIFT_OPTIMIZATION_LEVEL = "-O";
			};
			name = Release;
		};
		A12745242771B96B00B758B8 /* Debug */ = {
			isa = XCBuildConfiguration;
			buildSettings = {
				ASSETCATALOG_COMPILER_APPICON_NAME = AppIcon;
				ASSETCATALOG_COMPILER_GLOBAL_ACCENT_COLOR_NAME = AccentColor;
				CODE_SIGN_STYLE = Automatic;
				CURRENT_PROJECT_VERSION = 1;
				DEVELOPMENT_TEAM = 4T86ZQQNC4;
				ENABLE_PREVIEWS = YES;
				GENERATE_INFOPLIST_FILE = YES;
				INFOPLIST_KEY_UIApplicationSceneManifest_Generation = YES;
				INFOPLIST_KEY_UIApplicationSupportsIndirectInputEvents = YES;
				INFOPLIST_KEY_UILaunchScreen_Generation = YES;
				INFOPLIST_KEY_UISupportedInterfaceOrientations_iPad = "UIInterfaceOrientationPortrait UIInterfaceOrientationPortraitUpsideDown UIInterfaceOrientationLandscapeLeft UIInterfaceOrientationLandscapeRight";
				INFOPLIST_KEY_UISupportedInterfaceOrientations_iPhone = "UIInterfaceOrientationPortrait UIInterfaceOrientationLandscapeLeft UIInterfaceOrientationLandscapeRight";
				IPHONEOS_DEPLOYMENT_TARGET = 15.2;
				LD_RUNPATH_SEARCH_PATHS = (
					"$(inherited)",
					"@executable_path/Frameworks",
				);
				MARKETING_VERSION = 1.0;
				PRODUCT_BUNDLE_IDENTIFIER = com.yang.CustomSideMenu;
				PRODUCT_NAME = CustomSideMenu;
				SDKROOT = iphoneos;
				SWIFT_EMIT_LOC_STRINGS = YES;
				SWIFT_VERSION = 5.0;
				TARGETED_DEVICE_FAMILY = "1,2";
			};
			name = Debug;
		};
		A12745252771B96B00B758B8 /* Release */ = {
			isa = XCBuildConfiguration;
			buildSettings = {
				ASSETCATALOG_COMPILER_APPICON_NAME = AppIcon;
				ASSETCATALOG_COMPILER_GLOBAL_ACCENT_COLOR_NAME = AccentColor;
				CODE_SIGN_STYLE = Automatic;
				CURRENT_PROJECT_VERSION = 1;
				DEVELOPMENT_TEAM = 4T86ZQQNC4;
				ENABLE_PREVIEWS = YES;
				GENERATE_INFOPLIST_FILE = YES;
				INFOPLIST_KEY_UIApplicationSceneManifest_Generation = YES;
				INFOPLIST_KEY_UIApplicationSupportsIndirectInputEvents = YES;
				INFOPLIST_KEY_UILaunchScreen_Generation = YES;
				INFOPLIST_KEY_UISupportedInterfaceOrientations_iPad = "UIInterfaceOrientationPortrait UIInterfaceOrientationPortraitUpsideDown UIInterfaceOrientationLandscapeLeft UIInterfaceOrientationLandscapeRight";
				INFOPLIST_KEY_UISupportedInterfaceOrientations_iPhone = "UIInterfaceOrientationPortrait UIInterfaceOrientationLandscapeLeft UIInterfaceOrientationLandscapeRight";
				IPHONEOS_DEPLOYMENT_TARGET = 15.2;
				LD_RUNPATH_SEARCH_PATHS = (
					"$(inherited)",
					"@executable_path/Frameworks",
				);
				MARKETING_VERSION = 1.0;
				PRODUCT_BUNDLE_IDENTIFIER = com.yang.CustomSideMenu;
				PRODUCT_NAME = CustomSideMenu;
				SDKROOT = iphoneos;
				SWIFT_EMIT_LOC_STRINGS = YES;
				SWIFT_VERSION = 5.0;
				TARGETED_DEVICE_FAMILY = "1,2";
				VALIDATE_PRODUCT = YES;
			};
			name = Release;
		};
		A12745272771B96B00B758B8 /* Debug */ = {
			isa = XCBuildConfiguration;
			buildSettings = {
				ASSETCATALOG_COMPILER_APPICON_NAME = AppIcon;
				ASSETCATALOG_COMPILER_GLOBAL_ACCENT_COLOR_NAME = AccentColor;
				CODE_SIGN_ENTITLEMENTS = macOS/macOS.entitlements;
				CODE_SIGN_STYLE = Automatic;
				COMBINE_HIDPI_IMAGES = YES;
				CURRENT_PROJECT_VERSION = 1;
				DEVELOPMENT_TEAM = 4T86ZQQNC4;
				ENABLE_HARDENED_RUNTIME = YES;
				ENABLE_PREVIEWS = YES;
				GENERATE_INFOPLIST_FILE = YES;
				INFOPLIST_KEY_NSHumanReadableCopyright = "";
				LD_RUNPATH_SEARCH_PATHS = (
					"$(inherited)",
					"@executable_path/../Frameworks",
				);
				MACOSX_DEPLOYMENT_TARGET = 12.1;
				MARKETING_VERSION = 1.0;
				PRODUCT_BUNDLE_IDENTIFIER = com.yang.CustomSideMenu;
				PRODUCT_NAME = CustomSideMenu;
				SDKROOT = macosx;
				SWIFT_EMIT_LOC_STRINGS = YES;
				SWIFT_VERSION = 5.0;
			};
			name = Debug;
		};
		A12745282771B96B00B758B8 /* Release */ = {
			isa = XCBuildConfiguration;
			buildSettings = {
				ASSETCATALOG_COMPILER_APPICON_NAME = AppIcon;
				ASSETCATALOG_COMPILER_GLOBAL_ACCENT_COLOR_NAME = AccentColor;
				CODE_SIGN_ENTITLEMENTS = macOS/macOS.entitlements;
				CODE_SIGN_STYLE = Automatic;
				COMBINE_HIDPI_IMAGES = YES;
				CURRENT_PROJECT_VERSION = 1;
				DEVELOPMENT_TEAM = 4T86ZQQNC4;
				ENABLE_HARDENED_RUNTIME = YES;
				ENABLE_PREVIEWS = YES;
				GENERATE_INFOPLIST_FILE = YES;
				INFOPLIST_KEY_NSHumanReadableCopyright = "";
				LD_RUNPATH_SEARCH_PATHS = (
					"$(inherited)",
					"@executable_path/../Frameworks",
				);
				MACOSX_DEPLOYMENT_TARGET = 12.1;
				MARKETING_VERSION = 1.0;
				PRODUCT_BUNDLE_IDENTIFIER = com.yang.CustomSideMenu;
				PRODUCT_NAME = CustomSideMenu;
				SDKROOT = macosx;
				SWIFT_EMIT_LOC_STRINGS = YES;
				SWIFT_VERSION = 5.0;
			};
			name = Release;
		};
		A127452A2771B96B00B758B8 /* Debug */ = {
			isa = XCBuildConfiguration;
			buildSettings = {
				ALWAYS_EMBED_SWIFT_STANDARD_LIBRARIES = YES;
				CODE_SIGN_STYLE = Automatic;
				CURRENT_PROJECT_VERSION = 1;
				DEVELOPMENT_TEAM = 4T86ZQQNC4;
				GENERATE_INFOPLIST_FILE = YES;
				IPHONEOS_DEPLOYMENT_TARGET = 15.2;
				MARKETING_VERSION = 1.0;
				PRODUCT_BUNDLE_IDENTIFIER = "com.yang.Tests-iOS";
				PRODUCT_NAME = "$(TARGET_NAME)";
				SDKROOT = iphoneos;
				SWIFT_EMIT_LOC_STRINGS = NO;
				SWIFT_VERSION = 5.0;
				TARGETED_DEVICE_FAMILY = "1,2";
				TEST_TARGET_NAME = "CustomSideMenu (iOS)";
			};
			name = Debug;
		};
		A127452B2771B96B00B758B8 /* Release */ = {
			isa = XCBuildConfiguration;
			buildSettings = {
				ALWAYS_EMBED_SWIFT_STANDARD_LIBRARIES = YES;
				CODE_SIGN_STYLE = Automatic;
				CURRENT_PROJECT_VERSION = 1;
				DEVELOPMENT_TEAM = 4T86ZQQNC4;
				GENERATE_INFOPLIST_FILE = YES;
				IPHONEOS_DEPLOYMENT_TARGET = 15.2;
				MARKETING_VERSION = 1.0;
				PRODUCT_BUNDLE_IDENTIFIER = "com.yang.Tests-iOS";
				PRODUCT_NAME = "$(TARGET_NAME)";
				SDKROOT = iphoneos;
				SWIFT_EMIT_LOC_STRINGS = NO;
				SWIFT_VERSION = 5.0;
				TARGETED_DEVICE_FAMILY = "1,2";
				TEST_TARGET_NAME = "CustomSideMenu (iOS)";
				VALIDATE_PRODUCT = YES;
			};
			name = Release;
		};
		A127452D2771B96B00B758B8 /* Debug */ = {
			isa = XCBuildConfiguration;
			buildSettings = {
				ALWAYS_EMBED_SWIFT_STANDARD_LIBRARIES = YES;
				CODE_SIGN_STYLE = Automatic;
				CURRENT_PROJECT_VERSION = 1;
				DEVELOPMENT_TEAM = 4T86ZQQNC4;
				GENERATE_INFOPLIST_FILE = YES;
				MACOSX_DEPLOYMENT_TARGET = 12.1;
				MARKETING_VERSION = 1.0;
				PRODUCT_BUNDLE_IDENTIFIER = "com.yang.Tests-macOS";
				PRODUCT_NAME = "$(TARGET_NAME)";
				SDKROOT = macosx;
				SWIFT_EMIT_LOC_STRINGS = NO;
				SWIFT_VERSION = 5.0;
				TEST_TARGET_NAME = "CustomSideMenu (macOS)";
			};
			name = Debug;
		};
		A127452E2771B96B00B758B8 /* Release */ = {
			isa = XCBuildConfiguration;
			buildSettings = {
				ALWAYS_EMBED_SWIFT_STANDARD_LIBRARIES = YES;
				CODE_SIGN_STYLE = Automatic;
				CURRENT_PROJECT_VERSION = 1;
				DEVELOPMENT_TEAM = 4T86ZQQNC4;
				GENERATE_INFOPLIST_FILE = YES;
				MACOSX_DEPLOYMENT_TARGET = 12.1;
				MARKETING_VERSION = 1.0;
				PRODUCT_BUNDLE_IDENTIFIER = "com.yang.Tests-macOS";
				PRODUCT_NAME = "$(TARGET_NAME)";
				SDKROOT = macosx;
				SWIFT_EMIT_LOC_STRINGS = NO;
				SWIFT_VERSION = 5.0;
				TEST_TARGET_NAME = "CustomSideMenu (macOS)";
			};
			name = Release;
		};
/* End XCBuildConfiguration section */

/* Begin XCConfigurationList section */
		A12744F12771B96900B758B8 /* Build configuration list for PBXProject "CustomSideMenu" */ = {
			isa = XCConfigurationList;
			buildConfigurations = (
				A12745212771B96B00B758B8 /* Debug */,
				A12745222771B96B00B758B8 /* Release */,
			);
			defaultConfigurationIsVisible = 0;
			defaultConfigurationName = Release;
		};
		A12745232771B96B00B758B8 /* Build configuration list for PBXNativeTarget "CustomSideMenu (iOS)" */ = {
			isa = XCConfigurationList;
			buildConfigurations = (
				A12745242771B96B00B758B8 /* Debug */,
				A12745252771B96B00B758B8 /* Release */,
			);
			defaultConfigurationIsVisible = 0;
			defaultConfigurationName = Release;
		};
		A12745262771B96B00B758B8 /* Build configuration list for PBXNativeTarget "CustomSideMenu (macOS)" */ = {
			isa = XCConfigurationList;
			buildConfigurations = (
				A12745272771B96B00B758B8 /* Debug */,
				A12745282771B96B00B758B8 /* Release */,
			);
			defaultConfigurationIsVisible = 0;
			defaultConfigurationName = Release;
		};
		A12745292771B96B00B758B8 /* Build configuration list for PBXNativeTarget "Tests iOS" */ = {
			isa = XCConfigurationList;
			buildConfigurations = (
				A127452A2771B96B00B758B8 /* Debug */,
				A127452B2771B96B00B758B8 /* Release */,
			);
			defaultConfigurationIsVisible = 0;
			defaultConfigurationName = Release;
		};
		A127452C2771B96B00B758B8 /* Build configuration list for PBXNativeTarget "Tests macOS" */ = {
			isa = XCConfigurationList;
			buildConfigurations = (
				A127452D2771B96B00B758B8 /* Debug */,
				A127452E2771B96B00B758B8 /* Release */,
			);
			defaultConfigurationIsVisible = 0;
			defaultConfigurationName = Release;
		};
/* End XCConfigurationList section */
	};
	rootObject = A12744EE2771B96900B758B8 /* Project object */;
}
