// !$*UTF8*$!
{
	archiveVersion = 1;
	classes = {
	};
	objectVersion = 55;
	objects = {

/* Begin PBXBuildFile section */
		A1F35606278FB55E0047F53A /* TaskManagementApp.swift in Sources */ = {isa = PBXBuildFile; fileRef = A1F355F6278FB55C0047F53A /* TaskManagementApp.swift */; };
		A1F35607278FB55E0047F53A /* TaskManagementApp.swift in Sources */ = {isa = PBXBuildFile; fileRef = A1F355F6278FB55C0047F53A /* TaskManagementApp.swift */; };
		A1F35608278FB55E0047F53A /* ContentView.swift in Sources */ = {isa = PBXBuildFile; fileRef = A1F355F7278FB55C0047F53A /* ContentView.swift */; };
		A1F35609278FB55E0047F53A /* ContentView.swift in Sources */ = {isa = PBXBuildFile; fileRef = A1F355F7278FB55C0047F53A /* ContentView.swift */; };
		A1F3560A278FB55E0047F53A /* Assets.xcassets in Resources */ = {isa = PBXBuildFile; fileRef = A1F355F8278FB55E0047F53A /* Assets.xcassets */; };
		A1F3560B278FB55E0047F53A /* Assets.xcassets in Resources */ = {isa = PBXBuildFile; fileRef = A1F355F8278FB55E0047F53A /* Assets.xcassets */; };
		A1F35617278FB5920047F53A /* Task.swift in Sources */ = {isa = PBXBuildFile; fileRef = A1F35616278FB5920047F53A /* Task.swift */; };
		A1F3561B278FB5CC0047F53A /* TaskViewModel.swift in Sources */ = {isa = PBXBuildFile; fileRef = A1F3561A278FB5CC0047F53A /* TaskViewModel.swift */; };
		A1F3561D278FB7430047F53A /* Home.swift in Sources */ = {isa = PBXBuildFile; fileRef = A1F3561C278FB7430047F53A /* Home.swift */; };
		A1F3561E278FB7780047F53A /* Home.swift in Sources */ = {isa = PBXBuildFile; fileRef = A1F3561C278FB7430047F53A /* Home.swift */; };
		A1F3561F278FB77C0047F53A /* Task.swift in Sources */ = {isa = PBXBuildFile; fileRef = A1F35616278FB5920047F53A /* Task.swift */; };
		A1F35620278FB77F0047F53A /* TaskViewModel.swift in Sources */ = {isa = PBXBuildFile; fileRef = A1F3561A278FB5CC0047F53A /* TaskViewModel.swift */; };
/* End PBXBuildFile section */

/* Begin PBXFileReference section */
		A1F355F6278FB55C0047F53A /* TaskManagementApp.swift */ = {isa = PBXFileReference; lastKnownFileType = sourcecode.swift; path = TaskManagementApp.swift; sourceTree = "<group>"; };
		A1F355F7278FB55C0047F53A /* ContentView.swift */ = {isa = PBXFileReference; lastKnownFileType = sourcecode.swift; path = ContentView.swift; sourceTree = "<group>"; };
		A1F355F8278FB55E0047F53A /* Assets.xcassets */ = {isa = PBXFileReference; lastKnownFileType = folder.assetcatalog; path = Assets.xcassets; sourceTree = "<group>"; };
		A1F355FD278FB55E0047F53A /* TaskManagement.app */ = {isa = PBXFileReference; explicitFileType = wrapper.application; includeInIndex = 0; path = TaskManagement.app; sourceTree = BUILT_PRODUCTS_DIR; };
		A1F35603278FB55E0047F53A /* TaskManagement.app */ = {isa = PBXFileReference; explicitFileType = wrapper.application; includeInIndex = 0; path = TaskManagement.app; sourceTree = BUILT_PRODUCTS_DIR; };
		A1F35605278FB55E0047F53A /* macOS.entitlements */ = {isa = PBXFileReference; lastKnownFileType = text.plist.entitlements; path = macOS.entitlements; sourceTree = "<group>"; };
		A1F35616278FB5920047F53A /* Task.swift */ = {isa = PBXFileReference; lastKnownFileType = sourcecode.swift; path = Task.swift; sourceTree = "<group>"; };
		A1F3561A278FB5CC0047F53A /* TaskViewModel.swift */ = {isa = PBXFileReference; lastKnownFileType = sourcecode.swift; path = TaskViewModel.swift; sourceTree = "<group>"; };
		A1F3561C278FB7430047F53A /* Home.swift */ = {isa = PBXFileReference; lastKnownFileType = sourcecode.swift; path = Home.swift; sourceTree = "<group>"; };
/* End PBXFileReference section */

/* Begin PBXFrameworksBuildPhase section */
		A1F355FA278FB55E0047F53A /* Frameworks */ = {
			isa = PBXFrameworksBuildPhase;
			buildActionMask = 2147483647;
			files = (
			);
			runOnlyForDeploymentPostprocessing = 0;
		};
		A1F35600278FB55E0047F53A /* Frameworks */ = {
			isa = PBXFrameworksBuildPhase;
			buildActionMask = 2147483647;
			files = (
			);
			runOnlyForDeploymentPostprocessing = 0;
		};
/* End PBXFrameworksBuildPhase section */

/* Begin PBXGroup section */
		A1F355F0278FB55C0047F53A = {
			isa = PBXGroup;
			children = (
				A1F355F5278FB55C0047F53A /* Shared */,
				A1F35604278FB55E0047F53A /* macOS */,
				A1F355FE278FB55E0047F53A /* Products */,
			);
			sourceTree = "<group>";
		};
		A1F355F5278FB55C0047F53A /* Shared */ = {
			isa = PBXGroup;
			children = (
				A1F35618278FB5BB0047F53A /* ViewModel */,
				A1F35615278FB5780047F53A /* Model */,
				A1F35614278FB56B0047F53A /* View */,
				A1F355F6278FB55C0047F53A /* TaskManagementApp.swift */,
				A1F355F7278FB55C0047F53A /* ContentView.swift */,
				A1F355F8278FB55E0047F53A /* Assets.xcassets */,
			);
			path = Shared;
			sourceTree = "<group>";
		};
		A1F355FE278FB55E0047F53A /* Products */ = {
			isa = PBXGroup;
			children = (
				A1F355FD278FB55E0047F53A /* TaskManagement.app */,
				A1F35603278FB55E0047F53A /* TaskManagement.app */,
			);
			name = Products;
			sourceTree = "<group>";
		};
		A1F35604278FB55E0047F53A /* macOS */ = {
			isa = PBXGroup;
			children = (
				A1F35605278FB55E0047F53A /* macOS.entitlements */,
			);
			path = macOS;
			sourceTree = "<group>";
		};
		A1F35614278FB56B0047F53A /* View */ = {
			isa = PBXGroup;
			children = (
				A1F3561C278FB7430047F53A /* Home.swift */,
			);
			path = View;
			sourceTree = "<group>";
		};
		A1F35615278FB5780047F53A /* Model */ = {
			isa = PBXGroup;
			children = (
				A1F35616278FB5920047F53A /* Task.swift */,
			);
			path = Model;
			sourceTree = "<group>";
		};
		A1F35618278FB5BB0047F53A /* ViewModel */ = {
			isa = PBXGroup;
			children = (
				A1F3561A278FB5CC0047F53A /* TaskViewModel.swift */,
			);
			path = ViewModel;
			sourceTree = "<group>";
		};
/* End PBXGroup section */

/* Begin PBXNativeTarget section */
		A1F355FC278FB55E0047F53A /* TaskManagement (iOS) */ = {
			isa = PBXNativeTarget;
			buildConfigurationList = A1F3560E278FB55E0047F53A /* Build configuration list for PBXNativeTarget "TaskManagement (iOS)" */;
			buildPhases = (
				A1F355F9278FB55E0047F53A /* Sources */,
				A1F355FA278FB55E0047F53A /* Frameworks */,
				A1F355FB278FB55E0047F53A /* Resources */,
			);
			buildRules = (
			);
			dependencies = (
			);
			name = "TaskManagement (iOS)";
			productName = "TaskManagement (iOS)";
			productReference = A1F355FD278FB55E0047F53A /* TaskManagement.app */;
			productType = "com.apple.product-type.application";
		};
		A1F35602278FB55E0047F53A /* TaskManagement (macOS) */ = {
			isa = PBXNativeTarget;
			buildConfigurationList = A1F35611278FB55E0047F53A /* Build configuration list for PBXNativeTarget "TaskManagement (macOS)" */;
			buildPhases = (
				A1F355FF278FB55E0047F53A /* Sources */,
				A1F35600278FB55E0047F53A /* Frameworks */,
				A1F35601278FB55E0047F53A /* Resources */,
			);
			buildRules = (
			);
			dependencies = (
			);
			name = "TaskManagement (macOS)";
			productName = "TaskManagement (macOS)";
			productReference = A1F35603278FB55E0047F53A /* TaskManagement.app */;
			productType = "com.apple.product-type.application";
		};
/* End PBXNativeTarget section */

/* Begin PBXProject section */
		A1F355F1278FB55C0047F53A /* Project object */ = {
			isa = PBXProject;
			attributes = {
				BuildIndependentTargetsInParallel = 1;
				LastSwiftUpdateCheck = 1320;
				LastUpgradeCheck = 1320;
				TargetAttributes = {
					A1F355FC278FB55E0047F53A = {
						CreatedOnToolsVersion = 13.2.1;
					};
					A1F35602278FB55E0047F53A = {
						CreatedOnToolsVersion = 13.2.1;
					};
				};
			};
			buildConfigurationList = A1F355F4278FB55C0047F53A /* Build configuration list for PBXProject "TaskManagement" */;
			compatibilityVersion = "Xcode 13.0";
			developmentRegion = en;
			hasScannedForEncodings = 0;
			knownRegions = (
				en,
				Base,
			);
			mainGroup = A1F355F0278FB55C0047F53A;
			productRefGroup = A1F355FE278FB55E0047F53A /* Products */;
			projectDirPath = "";
			projectRoot = "";
			targets = (
				A1F355FC278FB55E0047F53A /* TaskManagement (iOS) */,
				A1F35602278FB55E0047F53A /* TaskManagement (macOS) */,
			);
		};
/* End PBXProject section */

/* Begin PBXResourcesBuildPhase section */
		A1F355FB278FB55E0047F53A /* Resources */ = {
			isa = PBXResourcesBuildPhase;
			buildActionMask = 2147483647;
			files = (
				A1F3560A278FB55E0047F53A /* Assets.xcassets in Resources */,
			);
			runOnlyForDeploymentPostprocessing = 0;
		};
		A1F35601278FB55E0047F53A /* Resources */ = {
			isa = PBXResourcesBuildPhase;
			buildActionMask = 2147483647;
			files = (
				A1F3560B278FB55E0047F53A /* Assets.xcassets in Resources */,
			);
			runOnlyForDeploymentPostprocessing = 0;
		};
/* End PBXResourcesBuildPhase section */

/* Begin PBXSourcesBuildPhase section */
		A1F355F9278FB55E0047F53A /* Sources */ = {
			isa = PBXSourcesBuildPhase;
			buildActionMask = 2147483647;
			files = (
				A1F35608278FB55E0047F53A /* ContentView.swift in Sources */,
				A1F3561B278FB5CC0047F53A /* TaskViewModel.swift in Sources */,
				A1F3561D278FB7430047F53A /* Home.swift in Sources */,
				A1F35617278FB5920047F53A /* Task.swift in Sources */,
				A1F35606278FB55E0047F53A /* TaskManagementApp.swift in Sources */,
			);
			runOnlyForDeploymentPostprocessing = 0;
		};
		A1F355FF278FB55E0047F53A /* Sources */ = {
			isa = PBXSourcesBuildPhase;
			buildActionMask = 2147483647;
			files = (
				A1F3561F278FB77C0047F53A /* Task.swift in Sources */,
				A1F35609278FB55E0047F53A /* ContentView.swift in Sources */,
				A1F3561E278FB7780047F53A /* Home.swift in Sources */,
				A1F35620278FB77F0047F53A /* TaskViewModel.swift in Sources */,
				A1F35607278FB55E0047F53A /* TaskManagementApp.swift in Sources */,
			);
			runOnlyForDeploymentPostprocessing = 0;
		};
/* End PBXSourcesBuildPhase section */

/* Begin XCBuildConfiguration section */
		A1F3560C278FB55E0047F53A /* Debug */ = {
			isa = XCBuildConfiguration;
			buildSettings = {
				ALWAYS_SEARCH_USER_PATHS = NO;
				CLANG_ANALYZER_NONNULL = YES;
				CLANG_ANALYZER_NUMBER_OBJECT_CONVERSION = YES_AGGRESSIVE;
				CLANG_CXX_LANGUAGE_STANDARD = "gnu++17";
				CLANG_CXX_LIBRARY = "libc++";
				CLANG_ENABLE_MODULES = YES;
				CLANG_ENABLE_OBJC_ARC = YES;
				CLANG_ENABLE_OBJC_WEAK = YES;
				CLANG_WARN_BLOCK_CAPTURE_AUTORELEASING = YES;
				CLANG_WARN_BOOL_CONVERSION = YES;
				CLANG_WARN_COMMA = YES;
				CLANG_WARN_CONSTANT_CONVERSION = YES;
				CLANG_WARN_DEPRECATED_OBJC_IMPLEMENTATIONS = YES;
				CLANG_WARN_DIRECT_OBJC_ISA_USAGE = YES_ERROR;
				CLANG_WARN_DOCUMENTATION_COMMENTS = YES;
				CLANG_WARN_EMPTY_BODY = YES;
				CLANG_WARN_ENUM_CONVERSION = YES;
				CLANG_WARN_INFINITE_RECURSION = YES;
				CLANG_WARN_INT_CONVERSION = YES;
				CLANG_WARN_NON_LITERAL_NULL_CONVERSION = YES;
				CLANG_WARN_OBJC_IMPLICIT_RETAIN_SELF = YES;
				CLANG_WARN_OBJC_LITERAL_CONVERSION = YES;
				CLANG_WARN_OBJC_ROOT_CLASS = YES_ERROR;
				CLANG_WARN_QUOTED_INCLUDE_IN_FRAMEWORK_HEADER = YES;
				CLANG_WARN_RANGE_LOOP_ANALYSIS = YES;
				CLANG_WARN_STRICT_PROTOTYPES = YES;
				CLANG_WARN_SUSPICIOUS_MOVE = YES;
				CLANG_WARN_UNGUARDED_AVAILABILITY = YES_AGGRESSIVE;
				CLANG_WARN_UNREACHABLE_CODE = YES;
				CLANG_WARN__DUPLICATE_METHOD_MATCH = YES;
				COPY_PHASE_STRIP = NO;
				DEBUG_INFORMATION_FORMAT = dwarf;
				ENABLE_STRICT_OBJC_MSGSEND = YES;
				ENABLE_TESTABILITY = YES;
				GCC_C_LANGUAGE_STANDARD = gnu11;
				GCC_DYNAMIC_NO_PIC = NO;
				GCC_NO_COMMON_BLOCKS = YES;
				GCC_OPTIMIZATION_LEVEL = 0;
				GCC_PREPROCESSOR_DEFINITIONS = (
					"DEBUG=1",
					"$(inherited)",
				);
				GCC_WARN_64_TO_32_BIT_CONVERSION = YES;
				GCC_WARN_ABOUT_RETURN_TYPE = YES_ERROR;
				GCC_WARN_UNDECLARED_SELECTOR = YES;
				GCC_WARN_UNINITIALIZED_AUTOS = YES_AGGRESSIVE;
				GCC_WARN_UNUSED_FUNCTION = YES;
				GCC_WARN_UNUSED_VARIABLE = YES;
				MTL_ENABLE_DEBUG_INFO = INCLUDE_SOURCE;
				MTL_FAST_MATH = YES;
				ONLY_ACTIVE_ARCH = YES;
				SWIFT_ACTIVE_COMPILATION_CONDITIONS = DEBUG;
				SWIFT_OPTIMIZATION_LEVEL = "-Onone";
			};
			name = Debug;
		};
		A1F3560D278FB55E0047F53A /* Release */ = {
			isa = XCBuildConfiguration;
			buildSettings = {
				ALWAYS_SEARCH_USER_PATHS = NO;
				CLANG_ANALYZER_NONNULL = YES;
				CLANG_ANALYZER_NUMBER_OBJECT_CONVERSION = YES_AGGRESSIVE;
				CLANG_CXX_LANGUAGE_STANDARD = "gnu++17";
				CLANG_CXX_LIBRARY = "libc++";
				CLANG_ENABLE_MODULES = YES;
				CLANG_ENABLE_OBJC_ARC = YES;
				CLANG_ENABLE_OBJC_WEAK = YES;
				CLANG_WARN_BLOCK_CAPTURE_AUTORELEASING = YES;
				CLANG_WARN_BOOL_CONVERSION = YES;
				CLANG_WARN_COMMA = YES;
				CLANG_WARN_CONSTANT_CONVERSION = YES;
				CLANG_WARN_DEPRECATED_OBJC_IMPLEMENTATIONS = YES;
				CLANG_WARN_DIRECT_OBJC_ISA_USAGE = YES_ERROR;
				CLANG_WARN_DOCUMENTATION_COMMENTS = YES;
				CLANG_WARN_EMPTY_BODY = YES;
				CLANG_WARN_ENUM_CONVERSION = YES;
				CLANG_WARN_INFINITE_RECURSION = YES;
				CLANG_WARN_INT_CONVERSION = YES;
				CLANG_WARN_NON_LITERAL_NULL_CONVERSION = YES;
				CLANG_WARN_OBJC_IMPLICIT_RETAIN_SELF = YES;
				CLANG_WARN_OBJC_LITERAL_CONVERSION = YES;
				CLANG_WARN_OBJC_ROOT_CLASS = YES_ERROR;
				CLANG_WARN_QUOTED_INCLUDE_IN_FRAMEWORK_HEADER = YES;
				CLANG_WARN_RANGE_LOOP_ANALYSIS = YES;
				CLANG_WARN_STRICT_PROTOTYPES = YES;
				CLANG_WARN_SUSPICIOUS_MOVE = YES;
				CLANG_WARN_UNGUARDED_AVAILABILITY = YES_AGGRESSIVE;
				CLANG_WARN_UNREACHABLE_CODE = YES;
				CLANG_WARN__DUPLICATE_METHOD_MATCH = YES;
				COPY_PHASE_STRIP = NO;
				DEBUG_INFORMATION_FORMAT = "dwarf-with-dsym";
				ENABLE_NS_ASSERTIONS = NO;
				ENABLE_STRICT_OBJC_MSGSEND = YES;
				GCC_C_LANGUAGE_STANDARD = gnu11;
				GCC_NO_COMMON_BLOCKS = YES;
				GCC_WARN_64_TO_32_BIT_CONVERSION = YES;
				GCC_WARN_ABOUT_RETURN_TYPE = YES_ERROR;
				GCC_WARN_UNDECLARED_SELECTOR = YES;
				GCC_WARN_UNINITIALIZED_AUTOS = YES_AGGRESSIVE;
				GCC_WARN_UNUSED_FUNCTION = YES;
				GCC_WARN_UNUSED_VARIABLE = YES;
				MTL_ENABLE_DEBUG_INFO = NO;
				MTL_FAST_MATH = YES;
				SWIFT_COMPILATION_MODE = wholemodule;
				SWIFT_OPTIMIZATION_LEVEL = "-O";
			};
			name = Release;
		};
		A1F3560F278FB55E0047F53A /* Debug */ = {
			isa = XCBuildConfiguration;
			buildSettings = {
				ASSETCATALOG_COMPILER_APPICON_NAME = AppIcon;
				ASSETCATALOG_COMPILER_GLOBAL_ACCENT_COLOR_NAME = AccentColor;
				CODE_SIGN_STYLE = Automatic;
				CURRENT_PROJECT_VERSION = 1;
				DEVELOPMENT_TEAM = 4T86ZQQNC4;
				ENABLE_PREVIEWS = YES;
				GENERATE_INFOPLIST_FILE = YES;
				INFOPLIST_KEY_UIApplicationSceneManifest_Generation = YES;
				INFOPLIST_KEY_UIApplicationSupportsIndirectInputEvents = YES;
				INFOPLIST_KEY_UILaunchScreen_Generation = YES;
				INFOPLIST_KEY_UISupportedInterfaceOrientations_iPad = "UIInterfaceOrientationPortrait UIInterfaceOrientationPortraitUpsideDown UIInterfaceOrientationLandscapeLeft UIInterfaceOrientationLandscapeRight";
				INFOPLIST_KEY_UISupportedInterfaceOrientations_iPhone = "UIInterfaceOrientationPortrait UIInterfaceOrientationLandscapeLeft UIInterfaceOrientationLandscapeRight";
				IPHONEOS_DEPLOYMENT_TARGET = 15.2;
				LD_RUNPATH_SEARCH_PATHS = (
					"$(inherited)",
					"@executable_path/Frameworks",
				);
				MARKETING_VERSION = 1.0;
				PRODUCT_BUNDLE_IDENTIFIER = top.luohen.TaskManagement;
				PRODUCT_NAME = TaskManagement;
				SDKROOT = iphoneos;
				SWIFT_EMIT_LOC_STRINGS = YES;
				SWIFT_VERSION = 5.0;
				TARGETED_DEVICE_FAMILY = "1,2";
			};
			name = Debug;
		};
		A1F35610278FB55E0047F53A /* Release */ = {
			isa = XCBuildConfiguration;
			buildSettings = {
				ASSETCATALOG_COMPILER_APPICON_NAME = AppIcon;
				ASSETCATALOG_COMPILER_GLOBAL_ACCENT_COLOR_NAME = AccentColor;
				CODE_SIGN_STYLE = Automatic;
				CURRENT_PROJECT_VERSION = 1;
				DEVELOPMENT_TEAM = 4T86ZQQNC4;
				ENABLE_PREVIEWS = YES;
				GENERATE_INFOPLIST_FILE = YES;
				INFOPLIST_KEY_UIApplicationSceneManifest_Generation = YES;
				INFOPLIST_KEY_UIApplicationSupportsIndirectInputEvents = YES;
				INFOPLIST_KEY_UILaunchScreen_Generation = YES;
				INFOPLIST_KEY_UISupportedInterfaceOrientations_iPad = "UIInterfaceOrientationPortrait UIInterfaceOrientationPortraitUpsideDown UIInterfaceOrientationLandscapeLeft UIInterfaceOrientationLandscapeRight";
				INFOPLIST_KEY_UISupportedInterfaceOrientations_iPhone = "UIInterfaceOrientationPortrait UIInterfaceOrientationLandscapeLeft UIInterfaceOrientationLandscapeRight";
				IPHONEOS_DEPLOYMENT_TARGET = 15.2;
				LD_RUNPATH_SEARCH_PATHS = (
					"$(inherited)",
					"@executable_path/Frameworks",
				);
				MARKETING_VERSION = 1.0;
				PRODUCT_BUNDLE_IDENTIFIER = top.luohen.TaskManagement;
				PRODUCT_NAME = TaskManagement;
				SDKROOT = iphoneos;
				SWIFT_EMIT_LOC_STRINGS = YES;
				SWIFT_VERSION = 5.0;
				TARGETED_DEVICE_FAMILY = "1,2";
				VALIDATE_PRODUCT = YES;
			};
			name = Release;
		};
		A1F35612278FB55E0047F53A /* Debug */ = {
			isa = XCBuildConfiguration;
			buildSettings = {
				ASSETCATALOG_COMPILER_APPICON_NAME = AppIcon;
				ASSETCATALOG_COMPILER_GLOBAL_ACCENT_COLOR_NAME = AccentColor;
				CODE_SIGN_ENTITLEMENTS = macOS/macOS.entitlements;
				CODE_SIGN_STYLE = Automatic;
				COMBINE_HIDPI_IMAGES = YES;
				CURRENT_PROJECT_VERSION = 1;
				DEVELOPMENT_TEAM = 4T86ZQQNC4;
				ENABLE_HARDENED_RUNTIME = YES;
				ENABLE_PREVIEWS = YES;
				GENERATE_INFOPLIST_FILE = YES;
				INFOPLIST_KEY_NSHumanReadableCopyright = "";
				LD_RUNPATH_SEARCH_PATHS = (
					"$(inherited)",
					"@executable_path/../Frameworks",
				);
				MACOSX_DEPLOYMENT_TARGET = 12.1;
				MARKETING_VERSION = 1.0;
				PRODUCT_BUNDLE_IDENTIFIER = top.luohen.TaskManagement;
				PRODUCT_NAME = TaskManagement;
				SDKROOT = macosx;
				SWIFT_EMIT_LOC_STRINGS = YES;
				SWIFT_VERSION = 5.0;
			};
			name = Debug;
		};
		A1F35613278FB55E0047F53A /* Release */ = {
			isa = XCBuildConfiguration;
			buildSettings = {
				ASSETCATALOG_COMPILER_APPICON_NAME = AppIcon;
				ASSETCATALOG_COMPILER_GLOBAL_ACCENT_COLOR_NAME = AccentColor;
				CODE_SIGN_ENTITLEMENTS = macOS/macOS.entitlements;
				CODE_SIGN_STYLE = Automatic;
				COMBINE_HIDPI_IMAGES = YES;
				CURRENT_PROJECT_VERSION = 1;
				DEVELOPMENT_TEAM = 4T86ZQQNC4;
				ENABLE_HARDENED_RUNTIME = YES;
				ENABLE_PREVIEWS = YES;
				GENERATE_INFOPLIST_FILE = YES;
				INFOPLIST_KEY_NSHumanReadableCopyright = "";
				LD_RUNPATH_SEARCH_PATHS = (
					"$(inherited)",
					"@executable_path/../Frameworks",
				);
				MACOSX_DEPLOYMENT_TARGET = 12.1;
				MARKETING_VERSION = 1.0;
				PRODUCT_BUNDLE_IDENTIFIER = top.luohen.TaskManagement;
				PRODUCT_NAME = TaskManagement;
				SDKROOT = macosx;
				SWIFT_EMIT_LOC_STRINGS = YES;
				SWIFT_VERSION = 5.0;
			};
			name = Release;
		};
/* End XCBuildConfiguration section */

/* Begin XCConfigurationList section */
		A1F355F4278FB55C0047F53A /* Build configuration list for PBXProject "TaskManagement" */ = {
			isa = XCConfigurationList;
			buildConfigurations = (
				A1F3560C278FB55E0047F53A /* Debug */,
				A1F3560D278FB55E0047F53A /* Release */,
			);
			defaultConfigurationIsVisible = 0;
			defaultConfigurationName = Release;
		};
		A1F3560E278FB55E0047F53A /* Build configuration list for PBXNativeTarget "TaskManagement (iOS)" */ = {
			isa = XCConfigurationList;
			buildConfigurations = (
				A1F3560F278FB55E0047F53A /* Debug */,
				A1F35610278FB55E0047F53A /* Release */,
			);
			defaultConfigurationIsVisible = 0;
			defaultConfigurationName = Release;
		};
		A1F35611278FB55E0047F53A /* Build configuration list for PBXNativeTarget "TaskManagement (macOS)" */ = {
			isa = XCConfigurationList;
			buildConfigurations = (
				A1F35612278FB55E0047F53A /* Debug */,
				A1F35613278FB55E0047F53A /* Release */,
			);
			defaultConfigurationIsVisible = 0;
			defaultConfigurationName = Release;
		};
/* End XCConfigurationList section */
	};
	rootObject = A1F355F1278FB55C0047F53A /* Project object */;
}
